{
  "version": "2",
  "remote": {
    "https://esm.sh/lodash@4.17.21": "f7fac2c572491002f6bd848818b9744757136b3ee3f05552b8d705d0db9d26c6",
    "https://esm.sh/v119/@types/lodash@4.14.194/common/array.d.ts": "458111fc89d11d2151277c822dfdc1a28fa5b6b2493cf942e37d4cd0a6ee5f22",
    "https://esm.sh/v119/@types/lodash@4.14.194/common/collection.d.ts": "d70c026dd2eeaa974f430ea229230a1897fdb897dc74659deebe2afd4feeb08f",
    "https://esm.sh/v119/@types/lodash@4.14.194/common/common.d.ts": "675e702f2032766a91eeadee64f51014c64688525da99dccd8178f0c599f13a8",
    "https://esm.sh/v119/@types/lodash@4.14.194/common/date.d.ts": "187119ff4f9553676a884e296089e131e8cc01691c546273b1d0089c3533ce42",
    "https://esm.sh/v119/@types/lodash@4.14.194/common/function.d.ts": "febf0b2de54781102b00f61653b21377390a048fbf5262718c91860d11ff34a6",
    "https://esm.sh/v119/@types/lodash@4.14.194/common/lang.d.ts": "98f9d826db9cd99d27a01a59ee5f22863df00ccf1aaf43e1d7db80ebf716f7c3",
    "https://esm.sh/v119/@types/lodash@4.14.194/common/math.d.ts": "0aaef8cded245bf5036a7a40b65622dd6c4da71f7a35343112edbe112b348a1e",
    "https://esm.sh/v119/@types/lodash@4.14.194/common/number.d.ts": "00baffbe8a2f2e4875367479489b5d43b5fc1429ecb4a4cc98cfc3009095f52a",
    "https://esm.sh/v119/@types/lodash@4.14.194/common/object.d.ts": "dcd91d3b697cb650b95db5471189b99815af5db2a1cd28760f91e0b12ede8ed5",
    "https://esm.sh/v119/@types/lodash@4.14.194/common/seq.d.ts": "3c92b6dfd43cc1c2485d9eba5ff0b74a19bb8725b692773ef1d66dac48cda4bd",
    "https://esm.sh/v119/@types/lodash@4.14.194/common/string.d.ts": "3cf0d343c2276842a5b617f22ba82af6322c7cfe8bb52238ffc0c491a3c21019",
    "https://esm.sh/v119/@types/lodash@4.14.194/common/util.d.ts": "df996e25faa505f85aeb294d15ebe61b399cf1d1e49959cdfaf2cc0815c203f9",
    "https://esm.sh/v119/@types/lodash@4.14.194/index.d.ts": "f2eff8704452659641164876c1ef0df4174659ce7311b0665798ea3f556fa9ad",
    "https://esm.sh/v119/@types/lodash@4.14.194/index~.d.ts": "f2eff8704452659641164876c1ef0df4174659ce7311b0665798ea3f556fa9ad",
    "https://esm.sh/v119/lodash@4.17.21/deno/lodash.mjs": "a3c9a512bf51625ce4385b75b5be2ed9dd78290bbc0b28a3bb9fb2b918cd45e3"
  },
  "npm": {
    "specifiers": {
      "@types/lodash": "@types/lodash@4.14.194",
      "@types/lodash@4.14.194": "@types/lodash@4.14.194",
      "lodash@4.17.15": "lodash@4.17.15",
      "lodash@4.17.21": "lodash@4.17.21"
    },
    "packages": {
      "@types/lodash@4.14.194": {
        "integrity": "sha512-r22s9tAS7imvBt2lyHC9B8AGwWnXaYb1tY09oyLkXDs4vArpYJzw09nj8MLx5VfciBPGIb+ZwG0ssYnEPJxn/g==",
        "dependencies": {}
      },
      "lodash@4.17.15": {
        "integrity": "sha512-8xOcRHvCjnocdS5cpwXQXVzmmh5e5+saE2QGoeQmbKmRS6J3VQppPOIt0MnmE+4xlZoumy0GPG0D0MVIQbNA1A==",
        "dependencies": {}
      },
      "lodash@4.17.21": {
        "integrity": "sha512-v2kDEe57lecTulaDIuNTPy3Ry4gLGJ6Z1O3vE1krgXZNrsQ+LFTGHVxVjcXPs17LhbZVGedAJv8XZ1tvj5FvSg==",
        "dependencies": {}
      }
    }
  }
}
